
Microsoft Visual Studio Solution File, Format Version 12.00
# Visual Studio Version 17
VisualStudioVersion = 17.7.34031.279
MinimumVisualStudioVersion = 10.0.40219.1
Project("{9A19103F-16F7-4668-BE54-9A1E7A4F7556}") = "Sistema_Prontuario", "Sistema_Prontuario.csproj", "{20957BAF-99C3-446C-8F32-C5A6DBA93820}"
EndProject
Global
	GlobalSection(SolutionConfigurationPlatforms) = preSolution
		Debug|Any CPU = Debug|Any CPU
		Release|Any CPU = Release|Any CPU
	EndGlobalSection
	GlobalSection(ProjectConfigurationPlatforms) = postSolution
		{20957BAF-99C3-446C-8F32-C5A6DBA93820}.Debug|Any CPU.ActiveCfg = Debug|Any CPU
		{20957BAF-99C3-446C-8F32-C5A6DBA93820}.Debug|Any CPU.Build.0 = Debug|Any CPU
		{20957BAF-99C3-446C-8F32-C5A6DBA93820}.Release|Any CPU.ActiveCfg = Release|Any CPU
		{20957BAF-99C3-446C-8F32-C5A6DBA93820}.Release|Any CPU.Build.0 = Release|Any CPU
	EndGlobalSection
	GlobalSection(SolutionProperties) = preSolution
		HideSolutionNode = FALSE
	EndGlobalSection
	GlobalSection(ExtensibilityGlobals) = postSolution
		SolutionGuid = {58CC8C8F-4769-4212-B769-C818DD439A53}
	EndGlobalSection
EndGlobal
